
Microsoft Visual Studio Solution File, Format Version 12.00
# Visual Studio Version 17
VisualStudioVersion = 17.1.32210.238
MinimumVisualStudioVersion = 10.0.40219.1
Project("{FAE04EC0-301F-11D3-BF4B-00C04F79EFBC}") = "OCR", "OCR\OCR.csproj", "{71F9B218-7E64-4453-AB11-C53F4810BE72}"
EndProject
Global
	GlobalSection(SolutionConfigurationPlatforms) = preSolution
		Debug|Any CPU = Debug|Any CPU
		Release|Any CPU = Release|Any CPU
	EndGlobalSection
	GlobalSection(ProjectConfigurationPlatforms) = postSolution
		{71F9B218-7E64-4453-AB11-C53F4810BE72}.Debug|Any CPU.ActiveCfg = Debug|Any CPU
		{71F9B218-7E64-4453-AB11-C53F4810BE72}.Debug|Any CPU.Build.0 = Debug|Any CPU
		{71F9B218-7E64-4453-AB11-C53F4810BE72}.Release|Any CPU.ActiveCfg = Release|Any CPU
		{71F9B218-7E64-4453-AB11-C53F4810BE72}.Release|Any CPU.Build.0 = Release|Any CPU
	EndGlobalSection
	GlobalSection(SolutionProperties) = preSolution
		HideSolutionNode = FALSE
	EndGlobalSection
	GlobalSection(ExtensibilityGlobals) = postSolution
		SolutionGuid = {A5314FF2-25AA-41D3-9A90-9ECBE8CBD044}
	EndGlobalSection
EndGlobal
